
Microsoft Visual Studio Solution File, Format Version 12.00
# Visual Studio Version 17
VisualStudioVersion = 17.8.34330.188
MinimumVisualStudioVersion = 10.0.40219.1
Project("{FAE04EC0-301F-11D3-BF4B-00C04F79EFBC}") = "Assignment03", "Assignment03\Assignment03.csproj", "{6B7DEFE7-4D23-4508-AA95-D5B3D2BEF9B1}"
EndProject
Global
	GlobalSection(SolutionConfigurationPlatforms) = preSolution
		Debug|Any CPU = Debug|Any CPU
		Release|Any CPU = Release|Any CPU
	EndGlobalSection
	GlobalSection(ProjectConfigurationPlatforms) = postSolution
		{6B7DEFE7-4D23-4508-AA95-D5B3D2BEF9B1}.Debug|Any CPU.ActiveCfg = Debug|Any CPU
		{6B7DEFE7-4D23-4508-AA95-D5B3D2BEF9B1}.Debug|Any CPU.Build.0 = Debug|Any CPU
		{6B7DEFE7-4D23-4508-AA95-D5B3D2BEF9B1}.Release|Any CPU.ActiveCfg = Release|Any CPU
		{6B7DEFE7-4D23-4508-AA95-D5B3D2BEF9B1}.Release|Any CPU.Build.0 = Release|Any CPU
	EndGlobalSection
	GlobalSection(SolutionProperties) = preSolution
		HideSolutionNode = FALSE
	EndGlobalSection
	GlobalSection(ExtensibilityGlobals) = postSolution
		SolutionGuid = {FDF8926C-E4AD-47C8-8B64-FEC83E469A49}
	EndGlobalSection
EndGlobal
