
Microsoft Visual Studio Solution File, Format Version 12.00
# Visual Studio Version 17
VisualStudioVersion = 17.8.34330.188
MinimumVisualStudioVersion = 10.0.40219.1
Project("{FAE04EC0-301F-11D3-BF4B-00C04F79EFBC}") = "Assignment09", "Assignment09\Assignment09.csproj", "{D9DF245E-BE69-4602-86D9-750B5005FBA5}"
EndProject
Global
	GlobalSection(SolutionConfigurationPlatforms) = preSolution
		Debug|Any CPU = Debug|Any CPU
		Release|Any CPU = Release|Any CPU
	EndGlobalSection
	GlobalSection(ProjectConfigurationPlatforms) = postSolution
		{D9DF245E-BE69-4602-86D9-750B5005FBA5}.Debug|Any CPU.ActiveCfg = Debug|Any CPU
		{D9DF245E-BE69-4602-86D9-750B5005FBA5}.Debug|Any CPU.Build.0 = Debug|Any CPU
		{D9DF245E-BE69-4602-86D9-750B5005FBA5}.Release|Any CPU.ActiveCfg = Release|Any CPU
		{D9DF245E-BE69-4602-86D9-750B5005FBA5}.Release|Any CPU.Build.0 = Release|Any CPU
	EndGlobalSection
	GlobalSection(SolutionProperties) = preSolution
		HideSolutionNode = FALSE
	EndGlobalSection
	GlobalSection(ExtensibilityGlobals) = postSolution
		SolutionGuid = {2C9BA4E9-BD6C-4EE7-B076-C0841DB7F128}
	EndGlobalSection
EndGlobal
