
Microsoft Visual Studio Solution File, Format Version 12.00
# Visual Studio Version 17
VisualStudioVersion = 17.8.34330.188
MinimumVisualStudioVersion = 10.0.40219.1
Project("{FAE04EC0-301F-11D3-BF4B-00C04F79EFBC}") = "Assignment04", "Assignment04\Assignment04.csproj", "{BA22C97F-64A5-4848-A076-F2A61CE494BE}"
EndProject
Global
	GlobalSection(SolutionConfigurationPlatforms) = preSolution
		Debug|Any CPU = Debug|Any CPU
		Release|Any CPU = Release|Any CPU
	EndGlobalSection
	GlobalSection(ProjectConfigurationPlatforms) = postSolution
		{BA22C97F-64A5-4848-A076-F2A61CE494BE}.Debug|Any CPU.ActiveCfg = Debug|Any CPU
		{BA22C97F-64A5-4848-A076-F2A61CE494BE}.Debug|Any CPU.Build.0 = Debug|Any CPU
		{BA22C97F-64A5-4848-A076-F2A61CE494BE}.Release|Any CPU.ActiveCfg = Release|Any CPU
		{BA22C97F-64A5-4848-A076-F2A61CE494BE}.Release|Any CPU.Build.0 = Release|Any CPU
	EndGlobalSection
	GlobalSection(SolutionProperties) = preSolution
		HideSolutionNode = FALSE
	EndGlobalSection
	GlobalSection(ExtensibilityGlobals) = postSolution
		SolutionGuid = {8E96EB91-747F-423A-A574-087E968F23F8}
	EndGlobalSection
EndGlobal
