
Microsoft Visual Studio Solution File, Format Version 12.00
# Visual Studio Version 17
VisualStudioVersion = 17.8.34330.188
MinimumVisualStudioVersion = 10.0.40219.1
Project("{FAE04EC0-301F-11D3-BF4B-00C04F79EFBC}") = "AssignmentEmployees", "AssignmentEmployees\AssignmentEmployees.csproj", "{0B8C8E32-4D6B-4A2E-BAC3-34B8DE7C281C}"
EndProject
Global
	GlobalSection(SolutionConfigurationPlatforms) = preSolution
		Debug|Any CPU = Debug|Any CPU
		Release|Any CPU = Release|Any CPU
	EndGlobalSection
	GlobalSection(ProjectConfigurationPlatforms) = postSolution
		{0B8C8E32-4D6B-4A2E-BAC3-34B8DE7C281C}.Debug|Any CPU.ActiveCfg = Debug|Any CPU
		{0B8C8E32-4D6B-4A2E-BAC3-34B8DE7C281C}.Debug|Any CPU.Build.0 = Debug|Any CPU
		{0B8C8E32-4D6B-4A2E-BAC3-34B8DE7C281C}.Release|Any CPU.ActiveCfg = Release|Any CPU
		{0B8C8E32-4D6B-4A2E-BAC3-34B8DE7C281C}.Release|Any CPU.Build.0 = Release|Any CPU
	EndGlobalSection
	GlobalSection(SolutionProperties) = preSolution
		HideSolutionNode = FALSE
	EndGlobalSection
	GlobalSection(ExtensibilityGlobals) = postSolution
		SolutionGuid = {0A171580-F717-406B-B4E8-A1818385F980}
	EndGlobalSection
EndGlobal
