
Microsoft Visual Studio Solution File, Format Version 12.00
# Visual Studio Version 17
VisualStudioVersion = 17.8.34330.188
MinimumVisualStudioVersion = 10.0.40219.1
Project("{FAE04EC0-301F-11D3-BF4B-00C04F79EFBC}") = "ConsoleApp1", "ConsoleApp1\ConsoleApp1.csproj", "{474087FF-CB9E-424E-B238-97815764A5C3}"
EndProject
Global
	GlobalSection(SolutionConfigurationPlatforms) = preSolution
		Debug|Any CPU = Debug|Any CPU
		Release|Any CPU = Release|Any CPU
	EndGlobalSection
	GlobalSection(ProjectConfigurationPlatforms) = postSolution
		{474087FF-CB9E-424E-B238-97815764A5C3}.Debug|Any CPU.ActiveCfg = Debug|Any CPU
		{474087FF-CB9E-424E-B238-97815764A5C3}.Debug|Any CPU.Build.0 = Debug|Any CPU
		{474087FF-CB9E-424E-B238-97815764A5C3}.Release|Any CPU.ActiveCfg = Release|Any CPU
		{474087FF-CB9E-424E-B238-97815764A5C3}.Release|Any CPU.Build.0 = Release|Any CPU
	EndGlobalSection
	GlobalSection(SolutionProperties) = preSolution
		HideSolutionNode = FALSE
	EndGlobalSection
	GlobalSection(ExtensibilityGlobals) = postSolution
		SolutionGuid = {92FC3756-A440-4ABB-8F54-E4E753EE40C5}
	EndGlobalSection
EndGlobal
