
Microsoft Visual Studio Solution File, Format Version 12.00
# Visual Studio Version 17
VisualStudioVersion = 17.8.34330.188
MinimumVisualStudioVersion = 10.0.40219.1
Project("{FAE04EC0-301F-11D3-BF4B-00C04F79EFBC}") = "DisconnectedArchitectureExample", "DisconnectedArchitectureExample\DisconnectedArchitectureExample.csproj", "{084AEB43-0009-4D1C-893E-A40037A8B788}"
EndProject
Global
	GlobalSection(SolutionConfigurationPlatforms) = preSolution
		Debug|Any CPU = Debug|Any CPU
		Release|Any CPU = Release|Any CPU
	EndGlobalSection
	GlobalSection(ProjectConfigurationPlatforms) = postSolution
		{084AEB43-0009-4D1C-893E-A40037A8B788}.Debug|Any CPU.ActiveCfg = Debug|Any CPU
		{084AEB43-0009-4D1C-893E-A40037A8B788}.Debug|Any CPU.Build.0 = Debug|Any CPU
		{084AEB43-0009-4D1C-893E-A40037A8B788}.Release|Any CPU.ActiveCfg = Release|Any CPU
		{084AEB43-0009-4D1C-893E-A40037A8B788}.Release|Any CPU.Build.0 = Release|Any CPU
	EndGlobalSection
	GlobalSection(SolutionProperties) = preSolution
		HideSolutionNode = FALSE
	EndGlobalSection
	GlobalSection(ExtensibilityGlobals) = postSolution
		SolutionGuid = {804B83C3-2491-4CEC-B8D3-03CA6B76D88B}
	EndGlobalSection
EndGlobal
