
Microsoft Visual Studio Solution File, Format Version 12.00
# Visual Studio Version 17
VisualStudioVersion = 17.8.34330.188
MinimumVisualStudioVersion = 10.0.40219.1
Project("{FAE04EC0-301F-11D3-BF4B-00C04F79EFBC}") = "Assignment05", "Assignment05\Assignment05.csproj", "{BB9FADFC-5B00-484E-AD9C-0EDE9F11421A}"
EndProject
Global
	GlobalSection(SolutionConfigurationPlatforms) = preSolution
		Debug|Any CPU = Debug|Any CPU
		Release|Any CPU = Release|Any CPU
	EndGlobalSection
	GlobalSection(ProjectConfigurationPlatforms) = postSolution
		{BB9FADFC-5B00-484E-AD9C-0EDE9F11421A}.Debug|Any CPU.ActiveCfg = Debug|Any CPU
		{BB9FADFC-5B00-484E-AD9C-0EDE9F11421A}.Debug|Any CPU.Build.0 = Debug|Any CPU
		{BB9FADFC-5B00-484E-AD9C-0EDE9F11421A}.Release|Any CPU.ActiveCfg = Release|Any CPU
		{BB9FADFC-5B00-484E-AD9C-0EDE9F11421A}.Release|Any CPU.Build.0 = Release|Any CPU
	EndGlobalSection
	GlobalSection(SolutionProperties) = preSolution
		HideSolutionNode = FALSE
	EndGlobalSection
	GlobalSection(ExtensibilityGlobals) = postSolution
		SolutionGuid = {1DA10D78-2A56-40F7-A93F-843566AFACC2}
	EndGlobalSection
EndGlobal
